version: 2.0
shards:
  ameba:
    git: https://github.com/crystal-ameba/ameba.git
    version: 1.0.1

  dns:
    git: https://gitlab.com/jgillich/crystal-dns.git
    version: 0.1.1

  fdpass:
    git: https://github.com/84codes/fdpass.cr.git
    version: 0.1.1+git.commit.a0e4330860662488e9393d63da8f5c16aae7c84c

