version: 2.0
shards:
  ameba:
    git: https://github.com/crystal-ameba/ameba.git
    version: 1.6.1

  dns:
    git: https://gitlab.com/jgillich/crystal-dns.git
    version: 0.1.1

  fdpass:
    git: https://github.com/84codes/fdpass.cr.git
    version: 0.1.1+git.commit.d6c65f80dfad8a936804f434600a56e53b0a59df

