version: 2.0
shards:
  ameba:
    git: https://github.com/crystal-ameba/ameba.git
    version: 1.0.1

  dns:
    git: https://gitlab.com/jgillich/crystal-dns.git
    version: 0.1.1

  fdpass:
    git: https://github.com/84codes/fdpass.cr.git
    version: 0.1.0+git.commit.d3c5f8093b282f598053b6af00bc75cb1c9e3ca0

